
Microsoft Visual Studio Solution File, Format Version 12.00
# Visual Studio Version 17
VisualStudioVersion = 17.0.31903.59
MinimumVisualStudioVersion = 10.0.40219.1
Project("{2150E333-8FDC-42A3-9474-1A3956D46DE8}") = "src", "src", "{827E0CD3-B72D-47B6-A68D-7590B98EB39B}"
EndProject
Project("{FAE04EC0-301F-11D3-BF4B-00C04F79EFBC}") = "Joaoaalves.Queues", "src\Joaoaalves.Queues\Joaoaalves.Queues.csproj", "{3D24881A-3FC0-47DA-A3CC-500AFC8C6060}"
EndProject
Project("{FAE04EC0-301F-11D3-BF4B-00C04F79EFBC}") = "Joaoaalves.Queues.Redis", "src\Joaoaalves.Queues.Redis\Joaoaalves.Queues.Redis.csproj", "{9D744F0F-0311-4F88-9C64-FA00B9765CED}"
EndProject
Project("{FAE04EC0-301F-11D3-BF4B-00C04F79EFBC}") = "Joaoaalves.Queues.EF", "src\Joaoaalves.Queues.EF\Joaoaalves.Queues.EF.csproj", "{B61039D7-E9C3-487C-B6ED-0C6B9C7F50E1}"
EndProject
Project("{FAE04EC0-301F-11D3-BF4B-00C04F79EFBC}") = "Joaoaalves.Queues.Notifications", "src\Joaoaalves.Queues.Notifications\Joaoaalves.Queues.Notifications.csproj", "{A6F7D56D-09BF-4C9D-86F7-46D0A7972B7B}"
EndProject
Project("{FAE04EC0-301F-11D3-BF4B-00C04F79EFBC}") = "Joaoaalves.Queues.RabbitMQ", "src\Joaoaalves.Queues.RabbitMQ\Joaoaalves.Queues.RabbitMQ.csproj", "{EEB11A4C-314C-4F90-A648-9F3F606AA1F0}"
EndProject
Global
	GlobalSection(SolutionConfigurationPlatforms) = preSolution
		Debug|Any CPU = Debug|Any CPU
		Debug|x64 = Debug|x64
		Debug|x86 = Debug|x86
		Release|Any CPU = Release|Any CPU
		Release|x64 = Release|x64
		Release|x86 = Release|x86
	EndGlobalSection
	GlobalSection(ProjectConfigurationPlatforms) = postSolution
		{3D24881A-3FC0-47DA-A3CC-500AFC8C6060}.Debug|Any CPU.ActiveCfg = Debug|Any CPU
		{3D24881A-3FC0-47DA-A3CC-500AFC8C6060}.Debug|Any CPU.Build.0 = Debug|Any CPU
		{3D24881A-3FC0-47DA-A3CC-500AFC8C6060}.Debug|x64.ActiveCfg = Debug|Any CPU
		{3D24881A-3FC0-47DA-A3CC-500AFC8C6060}.Debug|x64.Build.0 = Debug|Any CPU
		{3D24881A-3FC0-47DA-A3CC-500AFC8C6060}.Debug|x86.ActiveCfg = Debug|Any CPU
		{3D24881A-3FC0-47DA-A3CC-500AFC8C6060}.Debug|x86.Build.0 = Debug|Any CPU
		{3D24881A-3FC0-47DA-A3CC-500AFC8C6060}.Release|Any CPU.ActiveCfg = Release|Any CPU
		{3D24881A-3FC0-47DA-A3CC-500AFC8C6060}.Release|Any CPU.Build.0 = Release|Any CPU
		{3D24881A-3FC0-47DA-A3CC-500AFC8C6060}.Release|x64.ActiveCfg = Release|Any CPU
		{3D24881A-3FC0-47DA-A3CC-500AFC8C6060}.Release|x64.Build.0 = Release|Any CPU
		{3D24881A-3FC0-47DA-A3CC-500AFC8C6060}.Release|x86.ActiveCfg = Release|Any CPU
		{3D24881A-3FC0-47DA-A3CC-500AFC8C6060}.Release|x86.Build.0 = Release|Any CPU
		{9D744F0F-0311-4F88-9C64-FA00B9765CED}.Debug|Any CPU.ActiveCfg = Debug|Any CPU
		{9D744F0F-0311-4F88-9C64-FA00B9765CED}.Debug|Any CPU.Build.0 = Debug|Any CPU
		{9D744F0F-0311-4F88-9C64-FA00B9765CED}.Debug|x64.ActiveCfg = Debug|Any CPU
		{9D744F0F-0311-4F88-9C64-FA00B9765CED}.Debug|x64.Build.0 = Debug|Any CPU
		{9D744F0F-0311-4F88-9C64-FA00B9765CED}.Debug|x86.ActiveCfg = Debug|Any CPU
		{9D744F0F-0311-4F88-9C64-FA00B9765CED}.Debug|x86.Build.0 = Debug|Any CPU
		{9D744F0F-0311-4F88-9C64-FA00B9765CED}.Release|Any CPU.ActiveCfg = Release|Any CPU
		{9D744F0F-0311-4F88-9C64-FA00B9765CED}.Release|Any CPU.Build.0 = Release|Any CPU
		{9D744F0F-0311-4F88-9C64-FA00B9765CED}.Release|x64.ActiveCfg = Release|Any CPU
		{9D744F0F-0311-4F88-9C64-FA00B9765CED}.Release|x64.Build.0 = Release|Any CPU
		{9D744F0F-0311-4F88-9C64-FA00B9765CED}.Release|x86.ActiveCfg = Release|Any CPU
		{9D744F0F-0311-4F88-9C64-FA00B9765CED}.Release|x86.Build.0 = Release|Any CPU
		{B61039D7-E9C3-487C-B6ED-0C6B9C7F50E1}.Debug|Any CPU.ActiveCfg = Debug|Any CPU
		{B61039D7-E9C3-487C-B6ED-0C6B9C7F50E1}.Debug|Any CPU.Build.0 = Debug|Any CPU
		{B61039D7-E9C3-487C-B6ED-0C6B9C7F50E1}.Debug|x64.ActiveCfg = Debug|Any CPU
		{B61039D7-E9C3-487C-B6ED-0C6B9C7F50E1}.Debug|x64.Build.0 = Debug|Any CPU
		{B61039D7-E9C3-487C-B6ED-0C6B9C7F50E1}.Debug|x86.ActiveCfg = Debug|Any CPU
		{B61039D7-E9C3-487C-B6ED-0C6B9C7F50E1}.Debug|x86.Build.0 = Debug|Any CPU
		{B61039D7-E9C3-487C-B6ED-0C6B9C7F50E1}.Release|Any CPU.ActiveCfg = Release|Any CPU
		{B61039D7-E9C3-487C-B6ED-0C6B9C7F50E1}.Release|Any CPU.Build.0 = Release|Any CPU
		{B61039D7-E9C3-487C-B6ED-0C6B9C7F50E1}.Release|x64.ActiveCfg = Release|Any CPU
		{B61039D7-E9C3-487C-B6ED-0C6B9C7F50E1}.Release|x64.Build.0 = Release|Any CPU
		{B61039D7-E9C3-487C-B6ED-0C6B9C7F50E1}.Release|x86.ActiveCfg = Release|Any CPU
		{B61039D7-E9C3-487C-B6ED-0C6B9C7F50E1}.Release|x86.Build.0 = Release|Any CPU
		{A6F7D56D-09BF-4C9D-86F7-46D0A7972B7B}.Debug|Any CPU.ActiveCfg = Debug|Any CPU
		{A6F7D56D-09BF-4C9D-86F7-46D0A7972B7B}.Debug|Any CPU.Build.0 = Debug|Any CPU
		{A6F7D56D-09BF-4C9D-86F7-46D0A7972B7B}.Debug|x64.ActiveCfg = Debug|Any CPU
		{A6F7D56D-09BF-4C9D-86F7-46D0A7972B7B}.Debug|x64.Build.0 = Debug|Any CPU
		{A6F7D56D-09BF-4C9D-86F7-46D0A7972B7B}.Debug|x86.ActiveCfg = Debug|Any CPU
		{A6F7D56D-09BF-4C9D-86F7-46D0A7972B7B}.Debug|x86.Build.0 = Debug|Any CPU
		{A6F7D56D-09BF-4C9D-86F7-46D0A7972B7B}.Release|Any CPU.ActiveCfg = Release|Any CPU
		{A6F7D56D-09BF-4C9D-86F7-46D0A7972B7B}.Release|Any CPU.Build.0 = Release|Any CPU
		{A6F7D56D-09BF-4C9D-86F7-46D0A7972B7B}.Release|x64.ActiveCfg = Release|Any CPU
		{A6F7D56D-09BF-4C9D-86F7-46D0A7972B7B}.Release|x64.Build.0 = Release|Any CPU
		{A6F7D56D-09BF-4C9D-86F7-46D0A7972B7B}.Release|x86.ActiveCfg = Release|Any CPU
		{A6F7D56D-09BF-4C9D-86F7-46D0A7972B7B}.Release|x86.Build.0 = Release|Any CPU
		{EEB11A4C-314C-4F90-A648-9F3F606AA1F0}.Debug|Any CPU.ActiveCfg = Debug|Any CPU
		{EEB11A4C-314C-4F90-A648-9F3F606AA1F0}.Debug|Any CPU.Build.0 = Debug|Any CPU
		{EEB11A4C-314C-4F90-A648-9F3F606AA1F0}.Debug|x64.ActiveCfg = Debug|Any CPU
		{EEB11A4C-314C-4F90-A648-9F3F606AA1F0}.Debug|x64.Build.0 = Debug|Any CPU
		{EEB11A4C-314C-4F90-A648-9F3F606AA1F0}.Debug|x86.ActiveCfg = Debug|Any CPU
		{EEB11A4C-314C-4F90-A648-9F3F606AA1F0}.Debug|x86.Build.0 = Debug|Any CPU
		{EEB11A4C-314C-4F90-A648-9F3F606AA1F0}.Release|Any CPU.ActiveCfg = Release|Any CPU
		{EEB11A4C-314C-4F90-A648-9F3F606AA1F0}.Release|Any CPU.Build.0 = Release|Any CPU
		{EEB11A4C-314C-4F90-A648-9F3F606AA1F0}.Release|x64.ActiveCfg = Release|Any CPU
		{EEB11A4C-314C-4F90-A648-9F3F606AA1F0}.Release|x64.Build.0 = Release|Any CPU
		{EEB11A4C-314C-4F90-A648-9F3F606AA1F0}.Release|x86.ActiveCfg = Release|Any CPU
		{EEB11A4C-314C-4F90-A648-9F3F606AA1F0}.Release|x86.Build.0 = Release|Any CPU
	EndGlobalSection
	GlobalSection(SolutionProperties) = preSolution
		HideSolutionNode = FALSE
	EndGlobalSection
	GlobalSection(NestedProjects) = preSolution
		{3D24881A-3FC0-47DA-A3CC-500AFC8C6060} = {827E0CD3-B72D-47B6-A68D-7590B98EB39B}
		{9D744F0F-0311-4F88-9C64-FA00B9765CED} = {827E0CD3-B72D-47B6-A68D-7590B98EB39B}
		{B61039D7-E9C3-487C-B6ED-0C6B9C7F50E1} = {827E0CD3-B72D-47B6-A68D-7590B98EB39B}
		{A6F7D56D-09BF-4C9D-86F7-46D0A7972B7B} = {827E0CD3-B72D-47B6-A68D-7590B98EB39B}
		{EEB11A4C-314C-4F90-A648-9F3F606AA1F0} = {827E0CD3-B72D-47B6-A68D-7590B98EB39B}
	EndGlobalSection
EndGlobal
